
Microsoft Visual Studio Solution File, Format Version 12.00
# Visual Studio Version 17
VisualStudioVersion = 17.11.35312.102
MinimumVisualStudioVersion = 10.0.40219.1
Project("{FAE04EC0-301F-11D3-BF4B-00C04F79EFBC}") = "PsychotechnicsWebApp", "PsychotechnicsWebApp\PsychotechnicsWebApp.csproj", "{D4862022-FBC1-455C-8B57-D0647B8B83FB}"
EndProject
Global
	GlobalSection(SolutionConfigurationPlatforms) = preSolution
		Debug|Any CPU = Debug|Any CPU
		Release|Any CPU = Release|Any CPU
	EndGlobalSection
	GlobalSection(ProjectConfigurationPlatforms) = postSolution
		{D4862022-FBC1-455C-8B57-D0647B8B83FB}.Debug|Any CPU.ActiveCfg = Debug|Any CPU
		{D4862022-FBC1-455C-8B57-D0647B8B83FB}.Debug|Any CPU.Build.0 = Debug|Any CPU
		{D4862022-FBC1-455C-8B57-D0647B8B83FB}.Release|Any CPU.ActiveCfg = Release|Any CPU
		{D4862022-FBC1-455C-8B57-D0647B8B83FB}.Release|Any CPU.Build.0 = Release|Any CPU
	EndGlobalSection
	GlobalSection(SolutionProperties) = preSolution
		HideSolutionNode = FALSE
	EndGlobalSection
	GlobalSection(ExtensibilityGlobals) = postSolution
		SolutionGuid = {3BA0F08B-F67C-4A28-BE54-67F37026237C}
	EndGlobalSection
EndGlobal
